
Microsoft Visual Studio Solution File, Format Version 12.00
# Visual Studio Version 17
VisualStudioVersion = 17.8.34330.188
MinimumVisualStudioVersion = 10.0.40219.1
Project("{FAE04EC0-301F-11D3-BF4B-00C04F79EFBC}") = "backend", "backend\backend.csproj", "{80EADA0E-44BC-440D-8666-732C100F8042}"
EndProject
Global
	GlobalSection(SolutionConfigurationPlatforms) = preSolution
		Debug|Any CPU = Debug|Any CPU
		Release|Any CPU = Release|Any CPU
	EndGlobalSection
	GlobalSection(ProjectConfigurationPlatforms) = postSolution
		{80EADA0E-44BC-440D-8666-732C100F8042}.Debug|Any CPU.ActiveCfg = Debug|Any CPU
		{80EADA0E-44BC-440D-8666-732C100F8042}.Debug|Any CPU.Build.0 = Debug|Any CPU
		{80EADA0E-44BC-440D-8666-732C100F8042}.Release|Any CPU.ActiveCfg = Release|Any CPU
		{80EADA0E-44BC-440D-8666-732C100F8042}.Release|Any CPU.Build.0 = Release|Any CPU
	EndGlobalSection
	GlobalSection(SolutionProperties) = preSolution
		HideSolutionNode = FALSE
	EndGlobalSection
	GlobalSection(ExtensibilityGlobals) = postSolution
		SolutionGuid = {011CDC4D-1AE5-48C8-A50C-C2F97FCD47ED}
	EndGlobalSection
EndGlobal
